hash: 4f1db72d6d64bd6006de16a8d7ab8863c32086828e414407d5ef73ef1ffe054b
updated: 2017-02-21T17:12:22.49771289+01:00
imports:
- name: github.com/golang/oauth2
  version: b9780ec78894ab900c062d58ee3076cd9b2a4501
  subpackages:
  - internal
- name: github.com/golang/protobuf
  version: 69b215d01a5606c843240eab4937eab3acee6530
  subpackages:
  - proto
- name: github.com/google/go-github
  version: 23d6cb9cacb5aa314e93d600fe20a48496a718d4
  subpackages:
  - github
- name: github.com/google/go-querystring
  version: 53e6ce116135b80d037921a7fdd5138cf32d7a8a
  subpackages:
  - query
- name: golang.org/x/net
  version: 6b27048ae5e6ad1ef927e72e437531493de612fe
  subpackages:
  - context
- name: golang.org/x/oauth2
  version: b9780ec78894ab900c062d58ee3076cd9b2a4501
  subpackages:
  - internal
- name: google.golang.org/appengine
  version: 2e4a801b39fc199db615bfca7d0b9f8cd9580599
  subpackages:
  - internal
  - internal/base
  - internal/datastore
  - internal/log
  - internal/remote_api
  - internal/urlfetch
  - urlfetch
testImports: []
